// !$*UTF8*$!
{
	archiveVersion = 1;
	classes = {
	};
	objectVersion = 77;
	objects = {

/* Begin PBXBuildFile section */
		73D1AA7B2FD55BB4002330E9 /* WidgetKit.framework in Frameworks */ = {isa = PBXBuildFile; fileRef = 73D1AA7A2FD55BB4002330E9 /* WidgetKit.framework */; };
		73D1AA7D2FD55BB4002330E9 /* SwiftUI.framework in Frameworks */ = {isa = PBXBuildFile; fileRef = 73D1AA7C2FD55BB4002330E9 /* SwiftUI.framework */; };
		73D1AA882FD55BB5002330E9 /* AnkaWidgetsExtension.appex in Embed Foundation Extensions */ = {isa = PBXBuildFile; fileRef = 73D1AA782FD55BB4002330E9 /* AnkaWidgetsExtension.appex */; settings = {ATTRIBUTES = (RemoveHeadersOnCopy, ); }; };
/* End PBXBuildFile section */

/* Begin PBXContainerItemProxy section */
		735BB8C22FD45B84005D2346 /* PBXContainerItemProxy */ = {
			isa = PBXContainerItemProxy;
			containerPortal = 735BB8AA2FD45B82005D2346 /* Project object */;
			proxyType = 1;
			remoteGlobalIDString = 735BB8B12FD45B82005D2346;
			remoteInfo = Anka;
		};
		735BB8CC2FD45B84005D2346 /* PBXContainerItemProxy */ = {
			isa = PBXContainerItemProxy;
			containerPortal = 735BB8AA2FD45B82005D2346 /* Project object */;
			proxyType = 1;
			remoteGlobalIDString = 735BB8B12FD45B82005D2346;
			remoteInfo = Anka;
		};
		73D1AA862FD55BB5002330E9 /* PBXContainerItemProxy */ = {
			isa = PBXContainerItemProxy;
			containerPortal = 735BB8AA2FD45B82005D2346 /* Project object */;
			proxyType = 1;
			remoteGlobalIDString = 73D1AA772FD55BB4002330E9;
			remoteInfo = AnkaWidgetsExtension;
		};
/* End PBXContainerItemProxy section */

/* Begin PBXCopyFilesBuildPhase section */
		73D1AA8D2FD55BB5002330E9 /* Embed Foundation Extensions */ = {
			isa = PBXCopyFilesBuildPhase;
			buildActionMask = 2147483647;
			dstPath = "";
			dstSubfolderSpec = 13;
			files = (
				73D1AA882FD55BB5002330E9 /* AnkaWidgetsExtension.appex in Embed Foundation Extensions */,
			);
			name = "Embed Foundation Extensions";
			runOnlyForDeploymentPostprocessing = 0;
		};
/* End PBXCopyFilesBuildPhase section */

/* Begin PBXFileReference section */
		735BB8B22FD45B82005D2346 /* Anka.app */ = {isa = PBXFileReference; explicitFileType = wrapper.application; includeInIndex = 0; path = Anka.app; sourceTree = BUILT_PRODUCTS_DIR; };
		735BB8C12FD45B84005D2346 /* AnkaTests.xctest */ = {isa = PBXFileReference; explicitFileType = wrapper.cfbundle; includeInIndex = 0; path = AnkaTests.xctest; sourceTree = BUILT_PRODUCTS_DIR; };
		735BB8CB2FD45B84005D2346 /* AnkaUITests.xctest */ = {isa = PBXFileReference; explicitFileType = wrapper.cfbundle; includeInIndex = 0; path = AnkaUITests.xctest; sourceTree = BUILT_PRODUCTS_DIR; };
		73D1AA782FD55BB4002330E9 /* AnkaWidgetsExtension.appex */ = {isa = PBXFileReference; explicitFileType = "wrapper.app-extension"; includeInIndex = 0; path = AnkaWidgetsExtension.appex; sourceTree = BUILT_PRODUCTS_DIR; };
		73D1AA7A2FD55BB4002330E9 /* WidgetKit.framework */ = {isa = PBXFileReference; lastKnownFileType = wrapper.framework; name = WidgetKit.framework; path = System/Library/Frameworks/WidgetKit.framework; sourceTree = SDKROOT; };
		73D1AA7C2FD55BB4002330E9 /* SwiftUI.framework */ = {isa = PBXFileReference; lastKnownFileType = wrapper.framework; name = SwiftUI.framework; path = System/Library/Frameworks/SwiftUI.framework; sourceTree = SDKROOT; };
		73D1AA952FD55CD0002330E9 /* AnkaWidgetsExtension.entitlements */ = {isa = PBXFileReference; lastKnownFileType = text.plist.entitlements; path = AnkaWidgetsExtension.entitlements; sourceTree = "<group>"; };
/* End PBXFileReference section */

/* Begin PBXFileSystemSynchronizedBuildFileExceptionSet section */
		73D1AA892FD55BB5002330E9 /* Exceptions for "AnkaWidgets" folder in "AnkaWidgetsExtension" target */ = {
			isa = PBXFileSystemSynchronizedBuildFileExceptionSet;
			membershipExceptions = (
				Info.plist,
			);
			target = 73D1AA772FD55BB4002330E9 /* AnkaWidgetsExtension */;
		};
		73D1AA942FD55CC2002330E9 /* Exceptions for "Anka" folder in "AnkaWidgetsExtension" target */ = {
			isa = PBXFileSystemSynchronizedBuildFileExceptionSet;
			membershipExceptions = (
				Services/WidgetSharedTypes.swift,
			);
			target = 73D1AA772FD55BB4002330E9 /* AnkaWidgetsExtension */;
		};
		73AAAA012FD55CC2002330E9 /* Exceptions for "Anka" folder in "Anka" target */ = {
			isa = PBXFileSystemSynchronizedBuildFileExceptionSet;
			membershipExceptions = (
				Info.plist,
			);
			target = 735BB8B12FD45B82005D2346 /* Anka */;
		};
/* End PBXFileSystemSynchronizedBuildFileExceptionSet section */

/* Begin PBXFileSystemSynchronizedRootGroup section */
		735BB8B42FD45B82005D2346 /* Anka */ = {
			isa = PBXFileSystemSynchronizedRootGroup;
			exceptions = (
				73D1AA942FD55CC2002330E9 /* Exceptions for "Anka" folder in "AnkaWidgetsExtension" target */,
				73AAAA012FD55CC2002330E9 /* Exceptions for "Anka" folder in "Anka" target */,
			);
			path = Anka;
			sourceTree = "<group>";
		};
		735BB8C42FD45B84005D2346 /* AnkaTests */ = {
			isa = PBXFileSystemSynchronizedRootGroup;
			path = AnkaTests;
			sourceTree = "<group>";
		};
		735BB8CE2FD45B84005D2346 /* AnkaUITests */ = {
			isa = PBXFileSystemSynchronizedRootGroup;
			path = AnkaUITests;
			sourceTree = "<group>";
		};
		73D1AA7E2FD55BB4002330E9 /* AnkaWidgets */ = {
			isa = PBXFileSystemSynchronizedRootGroup;
			exceptions = (
				73D1AA892FD55BB5002330E9 /* Exceptions for "AnkaWidgets" folder in "AnkaWidgetsExtension" target */,
			);
			path = AnkaWidgets;
			sourceTree = "<group>";
		};
/* End PBXFileSystemSynchronizedRootGroup section */

/* Begin PBXFrameworksBuildPhase section */
		735BB8AF2FD45B82005D2346 /* Frameworks */ = {
			isa = PBXFrameworksBuildPhase;
			buildActionMask = 2147483647;
			files = (
			);
			runOnlyForDeploymentPostprocessing = 0;
		};
		735BB8BE2FD45B84005D2346 /* Frameworks */ = {
			isa = PBXFrameworksBuildPhase;
			buildActionMask = 2147483647;
			files = (
			);
			runOnlyForDeploymentPostprocessing = 0;
		};
		735BB8C82FD45B84005D2346 /* Frameworks */ = {
			isa = PBXFrameworksBuildPhase;
			buildActionMask = 2147483647;
			files = (
			);
			runOnlyForDeploymentPostprocessing = 0;
		};
		73D1AA752FD55BB4002330E9 /* Frameworks */ = {
			isa = PBXFrameworksBuildPhase;
			buildActionMask = 2147483647;
			files = (
				73D1AA7D2FD55BB4002330E9 /* SwiftUI.framework in Frameworks */,
				73D1AA7B2FD55BB4002330E9 /* WidgetKit.framework in Frameworks */,
			);
			runOnlyForDeploymentPostprocessing = 0;
		};
/* End PBXFrameworksBuildPhase section */

/* Begin PBXGroup section */
		735BB8A92FD45B82005D2346 = {
			isa = PBXGroup;
			children = (
				73D1AA952FD55CD0002330E9 /* AnkaWidgetsExtension.entitlements */,
				735BB8B42FD45B82005D2346 /* Anka */,
				735BB8C42FD45B84005D2346 /* AnkaTests */,
				735BB8CE2FD45B84005D2346 /* AnkaUITests */,
				73D1AA7E2FD55BB4002330E9 /* AnkaWidgets */,
				73D1AA792FD55BB4002330E9 /* Frameworks */,
				735BB8B32FD45B82005D2346 /* Products */,
			);
			sourceTree = "<group>";
		};
		735BB8B32FD45B82005D2346 /* Products */ = {
			isa = PBXGroup;
			children = (
				735BB8B22FD45B82005D2346 /* Anka.app */,
				735BB8C12FD45B84005D2346 /* AnkaTests.xctest */,
				735BB8CB2FD45B84005D2346 /* AnkaUITests.xctest */,
				73D1AA782FD55BB4002330E9 /* AnkaWidgetsExtension.appex */,
			);
			name = Products;
			sourceTree = "<group>";
		};
		73D1AA792FD55BB4002330E9 /* Frameworks */ = {
			isa = PBXGroup;
			children = (
				73D1AA7A2FD55BB4002330E9 /* WidgetKit.framework */,
				73D1AA7C2FD55BB4002330E9 /* SwiftUI.framework */,
			);
			name = Frameworks;
			sourceTree = "<group>";
		};
/* End PBXGroup section */

/* Begin PBXNativeTarget section */
		735BB8B12FD45B82005D2346 /* Anka */ = {
			isa = PBXNativeTarget;
			buildConfigurationList = 735BB8D52FD45B84005D2346 /* Build configuration list for PBXNativeTarget "Anka" */;
			buildPhases = (
				735BB8AE2FD45B82005D2346 /* Sources */,
				735BB8AF2FD45B82005D2346 /* Frameworks */,
				735BB8B02FD45B82005D2346 /* Resources */,
				73D1AA8D2FD55BB5002330E9 /* Embed Foundation Extensions */,
			);
			buildRules = (
			);
			dependencies = (
				73D1AA872FD55BB5002330E9 /* PBXTargetDependency */,
			);
			fileSystemSynchronizedGroups = (
				735BB8B42FD45B82005D2346 /* Anka */,
			);
			name = Anka;
			packageProductDependencies = (
			);
			productName = Anka;
			productReference = 735BB8B22FD45B82005D2346 /* Anka.app */;
			productType = "com.apple.product-type.application";
		};
		735BB8C02FD45B84005D2346 /* AnkaTests */ = {
			isa = PBXNativeTarget;
			buildConfigurationList = 735BB8D82FD45B84005D2346 /* Build configuration list for PBXNativeTarget "AnkaTests" */;
			buildPhases = (
				735BB8BD2FD45B84005D2346 /* Sources */,
				735BB8BE2FD45B84005D2346 /* Frameworks */,
				735BB8BF2FD45B84005D2346 /* Resources */,
			);
			buildRules = (
			);
			dependencies = (
				735BB8C32FD45B84005D2346 /* PBXTargetDependency */,
			);
			fileSystemSynchronizedGroups = (
				735BB8C42FD45B84005D2346 /* AnkaTests */,
			);
			name = AnkaTests;
			packageProductDependencies = (
			);
			productName = AnkaTests;
			productReference = 735BB8C12FD45B84005D2346 /* AnkaTests.xctest */;
			productType = "com.apple.product-type.bundle.unit-test";
		};
		735BB8CA2FD45B84005D2346 /* AnkaUITests */ = {
			isa = PBXNativeTarget;
			buildConfigurationList = 735BB8DB2FD45B84005D2346 /* Build configuration list for PBXNativeTarget "AnkaUITests" */;
			buildPhases = (
				735BB8C72FD45B84005D2346 /* Sources */,
				735BB8C82FD45B84005D2346 /* Frameworks */,
				735BB8C92FD45B84005D2346 /* Resources */,
			);
			buildRules = (
			);
			dependencies = (
				735BB8CD2FD45B84005D2346 /* PBXTargetDependency */,
			);
			fileSystemSynchronizedGroups = (
				735BB8CE2FD45B84005D2346 /* AnkaUITests */,
			);
			name = AnkaUITests;
			packageProductDependencies = (
			);
			productName = AnkaUITests;
			productReference = 735BB8CB2FD45B84005D2346 /* AnkaUITests.xctest */;
			productType = "com.apple.product-type.bundle.ui-testing";
		};
		73D1AA772FD55BB4002330E9 /* AnkaWidgetsExtension */ = {
			isa = PBXNativeTarget;
			buildConfigurationList = 73D1AA8A2FD55BB5002330E9 /* Build configuration list for PBXNativeTarget "AnkaWidgetsExtension" */;
			buildPhases = (
				73D1AA742FD55BB4002330E9 /* Sources */,
				73D1AA752FD55BB4002330E9 /* Frameworks */,
				73D1AA762FD55BB4002330E9 /* Resources */,
			);
			buildRules = (
			);
			dependencies = (
			);
			fileSystemSynchronizedGroups = (
				73D1AA7E2FD55BB4002330E9 /* AnkaWidgets */,
			);
			name = AnkaWidgetsExtension;
			packageProductDependencies = (
			);
			productName = AnkaWidgetsExtension;
			productReference = 73D1AA782FD55BB4002330E9 /* AnkaWidgetsExtension.appex */;
			productType = "com.apple.product-type.app-extension";
		};
/* End PBXNativeTarget section */

/* Begin PBXProject section */
		735BB8AA2FD45B82005D2346 /* Project object */ = {
			isa = PBXProject;
			attributes = {
				BuildIndependentTargetsInParallel = 1;
				LastSwiftUpdateCheck = 2650;
				LastUpgradeCheck = 2700;
				TargetAttributes = {
					735BB8B12FD45B82005D2346 = {
						CreatedOnToolsVersion = 26.5;
					};
					735BB8C02FD45B84005D2346 = {
						CreatedOnToolsVersion = 26.5;
						TestTargetID = 735BB8B12FD45B82005D2346;
					};
					735BB8CA2FD45B84005D2346 = {
						CreatedOnToolsVersion = 26.5;
						TestTargetID = 735BB8B12FD45B82005D2346;
					};
					73D1AA772FD55BB4002330E9 = {
						CreatedOnToolsVersion = 26.5;
					};
				};
			};
			buildConfigurationList = 735BB8AD2FD45B82005D2346 /* Build configuration list for PBXProject "Anka" */;
			developmentRegion = en;
			hasScannedForEncodings = 0;
			knownRegions = (
				en,
				Base,
			);
			mainGroup = 735BB8A92FD45B82005D2346;
			minimizedProjectReferenceProxies = 1;
			preferredProjectObjectVersion = 77;
			productRefGroup = 735BB8B32FD45B82005D2346 /* Products */;
			projectDirPath = "";
			projectRoot = "";
			targets = (
				735BB8B12FD45B82005D2346 /* Anka */,
				735BB8C02FD45B84005D2346 /* AnkaTests */,
				735BB8CA2FD45B84005D2346 /* AnkaUITests */,
				73D1AA772FD55BB4002330E9 /* AnkaWidgetsExtension */,
			);
		};
/* End PBXProject section */

/* Begin PBXResourcesBuildPhase section */
		735BB8B02FD45B82005D2346 /* Resources */ = {
			isa = PBXResourcesBuildPhase;
			buildActionMask = 2147483647;
			files = (
			);
			runOnlyForDeploymentPostprocessing = 0;
		};
		735BB8BF2FD45B84005D2346 /* Resources */ = {
			isa = PBXResourcesBuildPhase;
			buildActionMask = 2147483647;
			files = (
			);
			runOnlyForDeploymentPostprocessing = 0;
		};
		735BB8C92FD45B84005D2346 /* Resources */ = {
			isa = PBXResourcesBuildPhase;
			buildActionMask = 2147483647;
			files = (
			);
			runOnlyForDeploymentPostprocessing = 0;
		};
		73D1AA762FD55BB4002330E9 /* Resources */ = {
			isa = PBXResourcesBuildPhase;
			buildActionMask = 2147483647;
			files = (
			);
			runOnlyForDeploymentPostprocessing = 0;
		};
/* End PBXResourcesBuildPhase section */

/* Begin PBXSourcesBuildPhase section */
		735BB8AE2FD45B82005D2346 /* Sources */ = {
			isa = PBXSourcesBuildPhase;
			buildActionMask = 2147483647;
			files = (
			);
			runOnlyForDeploymentPostprocessing = 0;
		};
		735BB8BD2FD45B84005D2346 /* Sources */ = {
			isa = PBXSourcesBuildPhase;
			buildActionMask = 2147483647;
			files = (
			);
			runOnlyForDeploymentPostprocessing = 0;
		};
		735BB8C72FD45B84005D2346 /* Sources */ = {
			isa = PBXSourcesBuildPhase;
			buildActionMask = 2147483647;
			files = (
			);
			runOnlyForDeploymentPostprocessing = 0;
		};
		73D1AA742FD55BB4002330E9 /* Sources */ = {
			isa = PBXSourcesBuildPhase;
			buildActionMask = 2147483647;
			files = (
			);
			runOnlyForDeploymentPostprocessing = 0;
		};
/* End PBXSourcesBuildPhase section */

/* Begin PBXTargetDependency section */
		735BB8C32FD45B84005D2346 /* PBXTargetDependency */ = {
			isa = PBXTargetDependency;
			target = 735BB8B12FD45B82005D2346 /* Anka */;
			targetProxy = 735BB8C22FD45B84005D2346 /* PBXContainerItemProxy */;
		};
		735BB8CD2FD45B84005D2346 /* PBXTargetDependency */ = {
			isa = PBXTargetDependency;
			target = 735BB8B12FD45B82005D2346 /* Anka */;
			targetProxy = 735BB8CC2FD45B84005D2346 /* PBXContainerItemProxy */;
		};
		73D1AA872FD55BB5002330E9 /* PBXTargetDependency */ = {
			isa = PBXTargetDependency;
			target = 73D1AA772FD55BB4002330E9 /* AnkaWidgetsExtension */;
			targetProxy = 73D1AA862FD55BB5002330E9 /* PBXContainerItemProxy */;
		};
/* End PBXTargetDependency section */

/* Begin XCBuildConfiguration section */
		735BB8D32FD45B84005D2346 /* Debug */ = {
			isa = XCBuildConfiguration;
			buildSettings = {
				ALWAYS_SEARCH_USER_PATHS = NO;
				ASSETCATALOG_COMPILER_GENERATE_SWIFT_ASSET_SYMBOL_EXTENSIONS = YES;
				CLANG_ANALYZER_NONNULL = YES;
				CLANG_ANALYZER_NUMBER_OBJECT_CONVERSION = YES_AGGRESSIVE;
				CLANG_CXX_LANGUAGE_STANDARD = "gnu++20";
				CLANG_ENABLE_MODULES = YES;
				CLANG_ENABLE_OBJC_ARC = YES;
				CLANG_ENABLE_OBJC_WEAK = YES;
				CLANG_WARN_BLOCK_CAPTURE_AUTORELEASING = YES;
				CLANG_WARN_BOOL_CONVERSION = YES;
				CLANG_WARN_COMMA = YES;
				CLANG_WARN_CONSTANT_CONVERSION = YES;
				CLANG_WARN_DEPRECATED_OBJC_IMPLEMENTATIONS = YES;
				CLANG_WARN_DIRECT_OBJC_ISA_USAGE = YES_ERROR;
				CLANG_WARN_DOCUMENTATION_COMMENTS = YES;
				CLANG_WARN_EMPTY_BODY = YES;
				CLANG_WARN_ENUM_CONVERSION = YES;
				CLANG_WARN_INFINITE_RECURSION = YES;
				CLANG_WARN_INT_CONVERSION = YES;
				CLANG_WARN_NON_LITERAL_NULL_CONVERSION = YES;
				CLANG_WARN_OBJC_IMPLICIT_RETAIN_SELF = YES;
				CLANG_WARN_OBJC_LITERAL_CONVERSION = YES;
				CLANG_WARN_OBJC_ROOT_CLASS = YES_ERROR;
				CLANG_WARN_QUOTED_INCLUDE_IN_FRAMEWORK_HEADER = YES;
				CLANG_WARN_RANGE_LOOP_ANALYSIS = YES;
				CLANG_WARN_STRICT_PROTOTYPES = YES;
				CLANG_WARN_SUSPICIOUS_MOVE = YES;
				CLANG_WARN_UNGUARDED_AVAILABILITY = YES_AGGRESSIVE;
				CLANG_WARN_UNREACHABLE_CODE = YES;
				CLANG_WARN__DUPLICATE_METHOD_MATCH = YES;
				COPY_PHASE_STRIP = NO;
				DEBUG_INFORMATION_FORMAT = dwarf;
				DEVELOPMENT_TEAM = P8HX673QTL;
				ENABLE_NS_ASSERTIONS = NO;
				ENABLE_STRICT_OBJC_MSGSEND = YES;
				ENABLE_TESTABILITY = YES;
				ENABLE_USER_SCRIPT_SANDBOXING = YES;
				GCC_C_LANGUAGE_STANDARD = gnu17;
				GCC_DYNAMIC_NO_PIC = NO;
				GCC_NO_COMMON_BLOCKS = YES;
				GCC_OPTIMIZATION_LEVEL = 0;
				GCC_PREPROCESSOR_DEFINITIONS = (
					"DEBUG=1",
					"$(inherited)",
				);
				GCC_WARN_64_TO_32_BIT_CONVERSION = YES;
				GCC_WARN_ABOUT_RETURN_TYPE = YES_ERROR;
				GCC_WARN_UNDECLARED_SELECTOR = YES;
				GCC_WARN_UNINITIALIZED_AUTOS = YES_AGGRESSIVE;
				GCC_WARN_UNUSED_FUNCTION = YES;
				GCC_WARN_UNUSED_VARIABLE = YES;
				IPHONEOS_DEPLOYMENT_TARGET = 26.5;
				LOCALIZATION_PREFERS_STRING_CATALOGS = YES;
				MTL_ENABLE_DEBUG_INFO = INCLUDE_SOURCE;
				MTL_FAST_MATH = YES;
				ONLY_ACTIVE_ARCH = NO;
				SDKROOT = iphoneos;
				STRING_CATALOG_GENERATE_SYMBOLS = YES;
				SWIFT_ACTIVE_COMPILATION_CONDITIONS = "DEBUG $(inherited)";
				SWIFT_OPTIMIZATION_LEVEL = "-Onone";
			};
			name = Debug;
		};
		735BB8D42FD45B84005D2346 /* Release */ = {
			isa = XCBuildConfiguration;
			buildSettings = {
				ALWAYS_SEARCH_USER_PATHS = NO;
				ASSETCATALOG_COMPILER_GENERATE_SWIFT_ASSET_SYMBOL_EXTENSIONS = YES;
				CLANG_ANALYZER_NONNULL = YES;
				CLANG_ANALYZER_NUMBER_OBJECT_CONVERSION = YES_AGGRESSIVE;
				CLANG_CXX_LANGUAGE_STANDARD = "gnu++20";
				CLANG_ENABLE_MODULES = YES;
				CLANG_ENABLE_OBJC_ARC = YES;
				CLANG_ENABLE_OBJC_WEAK = YES;
				CLANG_WARN_BLOCK_CAPTURE_AUTORELEASING = YES;
				CLANG_WARN_BOOL_CONVERSION = YES;
				CLANG_WARN_COMMA = YES;
				CLANG_WARN_CONSTANT_CONVERSION = YES;
				CLANG_WARN_DEPRECATED_OBJC_IMPLEMENTATIONS = YES;
				CLANG_WARN_DIRECT_OBJC_ISA_USAGE = YES_ERROR;
				CLANG_WARN_DOCUMENTATION_COMMENTS = YES;
				CLANG_WARN_EMPTY_BODY = YES;
				CLANG_WARN_ENUM_CONVERSION = YES;
				CLANG_WARN_INFINITE_RECURSION = YES;
				CLANG_WARN_INT_CONVERSION = YES;
				CLANG_WARN_NON_LITERAL_NULL_CONVERSION = YES;
				CLANG_WARN_OBJC_IMPLICIT_RETAIN_SELF = YES;
				CLANG_WARN_OBJC_LITERAL_CONVERSION = YES;
				CLANG_WARN_OBJC_ROOT_CLASS = YES_ERROR;
				CLANG_WARN_QUOTED_INCLUDE_IN_FRAMEWORK_HEADER = YES;
				CLANG_WARN_RANGE_LOOP_ANALYSIS = YES;
				CLANG_WARN_STRICT_PROTOTYPES = YES;
				CLANG_WARN_SUSPICIOUS_MOVE = YES;
				CLANG_WARN_UNGUARDED_AVAILABILITY = YES_AGGRESSIVE;
				CLANG_WARN_UNREACHABLE_CODE = YES;
				CLANG_WARN__DUPLICATE_METHOD_MATCH = YES;
				COPY_PHASE_STRIP = NO;
				DEBUG_INFORMATION_FORMAT = "dwarf-with-dsym";
				DEVELOPMENT_TEAM = P8HX673QTL;
				ENABLE_NS_ASSERTIONS = YES;
				ENABLE_STRICT_OBJC_MSGSEND = YES;
				ENABLE_TESTABILITY = YES;
				ENABLE_USER_SCRIPT_SANDBOXING = YES;
				GCC_C_LANGUAGE_STANDARD = gnu17;
				GCC_NO_COMMON_BLOCKS = YES;
				GCC_WARN_64_TO_32_BIT_CONVERSION = YES;
				GCC_WARN_ABOUT_RETURN_TYPE = YES_ERROR;
				GCC_WARN_UNDECLARED_SELECTOR = YES;
				GCC_WARN_UNINITIALIZED_AUTOS = YES_AGGRESSIVE;
				GCC_WARN_UNUSED_FUNCTION = YES;
				GCC_WARN_UNUSED_VARIABLE = YES;
				IPHONEOS_DEPLOYMENT_TARGET = 26.5;
				LOCALIZATION_PREFERS_STRING_CATALOGS = YES;
				MTL_ENABLE_DEBUG_INFO = NO;
				MTL_FAST_MATH = YES;
				ONLY_ACTIVE_ARCH = YES;
				SDKROOT = iphoneos;
				STRING_CATALOG_GENERATE_SYMBOLS = YES;
				SWIFT_COMPILATION_MODE = wholemodule;
				VALIDATE_PRODUCT = YES;
			};
			name = Release;
		};
		735BB8D62FD45B84005D2346 /* Debug */ = {
			isa = XCBuildConfiguration;
			buildSettings = {
				ASSETCATALOG_COMPILER_APPICON_NAME = AppIcon;
				ASSETCATALOG_COMPILER_GLOBAL_ACCENT_COLOR_NAME = AccentColor;
				CODE_SIGN_ENTITLEMENTS = Anka/Anka.entitlements;
				CODE_SIGN_STYLE = Automatic;
				CURRENT_PROJECT_VERSION = 1;
				DEVELOPMENT_TEAM = P8HX673QTL;
				ENABLE_PREVIEWS = YES;
				GENERATE_INFOPLIST_FILE = YES;
				INFOPLIST_FILE = Anka/Info.plist;
				INFOPLIST_KEY_NSFaceIDUsageDescription = "Anka uses Face ID to unlock the app and keep your finances private.";
				INFOPLIST_KEY_UIApplicationSceneManifest_Generation = YES;
				INFOPLIST_KEY_UIApplicationSupportsIndirectInputEvents = YES;
				INFOPLIST_KEY_UILaunchScreen_Generation = YES;
				INFOPLIST_KEY_UISupportedInterfaceOrientations_iPad = "UIInterfaceOrientationPortrait UIInterfaceOrientationPortraitUpsideDown UIInterfaceOrientationLandscapeLeft UIInterfaceOrientationLandscapeRight";
				INFOPLIST_KEY_UISupportedInterfaceOrientations_iPhone = "UIInterfaceOrientationPortrait UIInterfaceOrientationLandscapeLeft UIInterfaceOrientationLandscapeRight";
				IPHONEOS_DEPLOYMENT_TARGET = 26.0;
				LD_RUNPATH_SEARCH_PATHS = (
					"$(inherited)",
					"@executable_path/Frameworks",
				);
				MARKETING_VERSION = 1.0;
				PRODUCT_BUNDLE_IDENTIFIER = nc.Anka;
				PRODUCT_NAME = "$(TARGET_NAME)";
				STRING_CATALOG_GENERATE_SYMBOLS = YES;
				SWIFT_APPROACHABLE_CONCURRENCY = YES;
				SWIFT_DEFAULT_ACTOR_ISOLATION = MainActor;
				SWIFT_EMIT_LOC_STRINGS = YES;
				SWIFT_UPCOMING_FEATURE_MEMBER_IMPORT_VISIBILITY = YES;
				SWIFT_VERSION = 5.0;
				TARGETED_DEVICE_FAMILY = "1,2";
			};
			name = Debug;
		};
		735BB8D72FD45B84005D2346 /* Release */ = {
			isa = XCBuildConfiguration;
			buildSettings = {
				ASSETCATALOG_COMPILER_APPICON_NAME = AppIcon;
				ASSETCATALOG_COMPILER_GLOBAL_ACCENT_COLOR_NAME = AccentColor;
				CODE_SIGN_ENTITLEMENTS = Anka/Anka.entitlements;
				CODE_SIGN_STYLE = Automatic;
				CURRENT_PROJECT_VERSION = 1;
				DEVELOPMENT_TEAM = P8HX673QTL;
				ENABLE_PREVIEWS = YES;
				GENERATE_INFOPLIST_FILE = YES;
				INFOPLIST_FILE = Anka/Info.plist;
				INFOPLIST_KEY_NSFaceIDUsageDescription = "Anka uses Face ID to unlock the app and keep your finances private.";
				INFOPLIST_KEY_UIApplicationSceneManifest_Generation = YES;
				INFOPLIST_KEY_UIApplicationSupportsIndirectInputEvents = YES;
				INFOPLIST_KEY_UILaunchScreen_Generation = YES;
				INFOPLIST_KEY_UISupportedInterfaceOrientations_iPad = "UIInterfaceOrientationPortrait UIInterfaceOrientationPortraitUpsideDown UIInterfaceOrientationLandscapeLeft UIInterfaceOrientationLandscapeRight";
				INFOPLIST_KEY_UISupportedInterfaceOrientations_iPhone = "UIInterfaceOrientationPortrait UIInterfaceOrientationLandscapeLeft UIInterfaceOrientationLandscapeRight";
				IPHONEOS_DEPLOYMENT_TARGET = 26.0;
				LD_RUNPATH_SEARCH_PATHS = (
					"$(inherited)",
					"@executable_path/Frameworks",
				);
				MARKETING_VERSION = 1.0;
				PRODUCT_BUNDLE_IDENTIFIER = nc.Anka;
				PRODUCT_NAME = "$(TARGET_NAME)";
				STRING_CATALOG_GENERATE_SYMBOLS = YES;
				SWIFT_APPROACHABLE_CONCURRENCY = YES;
				SWIFT_DEFAULT_ACTOR_ISOLATION = MainActor;
				SWIFT_EMIT_LOC_STRINGS = YES;
				SWIFT_UPCOMING_FEATURE_MEMBER_IMPORT_VISIBILITY = YES;
				SWIFT_VERSION = 5.0;
				TARGETED_DEVICE_FAMILY = "1,2";
			};
			name = Release;
		};
		735BB8D92FD45B84005D2346 /* Debug */ = {
			isa = XCBuildConfiguration;
			buildSettings = {
				BUNDLE_LOADER = "$(TEST_HOST)";
				CODE_SIGN_STYLE = Automatic;
				CURRENT_PROJECT_VERSION = 1;
				DEVELOPMENT_TEAM = P8HX673QTL;
				GENERATE_INFOPLIST_FILE = YES;
				IPHONEOS_DEPLOYMENT_TARGET = 26.5;
				MARKETING_VERSION = 1.0;
				PRODUCT_BUNDLE_IDENTIFIER = nc.AnkaTests;
				PRODUCT_NAME = "$(TARGET_NAME)";
				STRING_CATALOG_GENERATE_SYMBOLS = NO;
				SWIFT_APPROACHABLE_CONCURRENCY = YES;
				SWIFT_EMIT_LOC_STRINGS = NO;
				SWIFT_UPCOMING_FEATURE_MEMBER_IMPORT_VISIBILITY = YES;
				SWIFT_VERSION = 5.0;
				TARGETED_DEVICE_FAMILY = "1,2";
				TEST_HOST = "$(BUILT_PRODUCTS_DIR)/Anka.app/$(BUNDLE_EXECUTABLE_FOLDER_PATH)/Anka";
			};
			name = Debug;
		};
		735BB8DA2FD45B84005D2346 /* Release */ = {
			isa = XCBuildConfiguration;
			buildSettings = {
				BUNDLE_LOADER = "$(TEST_HOST)";
				CODE_SIGN_STYLE = Automatic;
				CURRENT_PROJECT_VERSION = 1;
				DEVELOPMENT_TEAM = P8HX673QTL;
				GENERATE_INFOPLIST_FILE = YES;
				IPHONEOS_DEPLOYMENT_TARGET = 26.5;
				MARKETING_VERSION = 1.0;
				PRODUCT_BUNDLE_IDENTIFIER = nc.AnkaTests;
				PRODUCT_NAME = "$(TARGET_NAME)";
				STRING_CATALOG_GENERATE_SYMBOLS = NO;
				SWIFT_APPROACHABLE_CONCURRENCY = YES;
				SWIFT_EMIT_LOC_STRINGS = NO;
				SWIFT_UPCOMING_FEATURE_MEMBER_IMPORT_VISIBILITY = YES;
				SWIFT_VERSION = 5.0;
				TARGETED_DEVICE_FAMILY = "1,2";
				TEST_HOST = "$(BUILT_PRODUCTS_DIR)/Anka.app/$(BUNDLE_EXECUTABLE_FOLDER_PATH)/Anka";
			};
			name = Release;
		};
		735BB8DC2FD45B84005D2346 /* Debug */ = {
			isa = XCBuildConfiguration;
			buildSettings = {
				CODE_SIGN_STYLE = Automatic;
				CURRENT_PROJECT_VERSION = 1;
				DEVELOPMENT_TEAM = P8HX673QTL;
				GENERATE_INFOPLIST_FILE = YES;
				MARKETING_VERSION = 1.0;
				PRODUCT_BUNDLE_IDENTIFIER = nc.AnkaUITests;
				PRODUCT_NAME = "$(TARGET_NAME)";
				STRING_CATALOG_GENERATE_SYMBOLS = NO;
				SWIFT_APPROACHABLE_CONCURRENCY = YES;
				SWIFT_EMIT_LOC_STRINGS = NO;
				SWIFT_UPCOMING_FEATURE_MEMBER_IMPORT_VISIBILITY = YES;
				SWIFT_VERSION = 5.0;
				TARGETED_DEVICE_FAMILY = "1,2";
				TEST_TARGET_NAME = Anka;
			};
			name = Debug;
		};
		735BB8DD2FD45B84005D2346 /* Release */ = {
			isa = XCBuildConfiguration;
			buildSettings = {
				CODE_SIGN_STYLE = Automatic;
				CURRENT_PROJECT_VERSION = 1;
				DEVELOPMENT_TEAM = P8HX673QTL;
				GENERATE_INFOPLIST_FILE = YES;
				MARKETING_VERSION = 1.0;
				PRODUCT_BUNDLE_IDENTIFIER = nc.AnkaUITests;
				PRODUCT_NAME = "$(TARGET_NAME)";
				STRING_CATALOG_GENERATE_SYMBOLS = NO;
				SWIFT_APPROACHABLE_CONCURRENCY = YES;
				SWIFT_EMIT_LOC_STRINGS = NO;
				SWIFT_UPCOMING_FEATURE_MEMBER_IMPORT_VISIBILITY = YES;
				SWIFT_VERSION = 5.0;
				TARGETED_DEVICE_FAMILY = "1,2";
				TEST_TARGET_NAME = Anka;
			};
			name = Release;
		};
		73D1AA8B2FD55BB5002330E9 /* Debug */ = {
			isa = XCBuildConfiguration;
			buildSettings = {
				ASSETCATALOG_COMPILER_GLOBAL_ACCENT_COLOR_NAME = AccentColor;
				ASSETCATALOG_COMPILER_WIDGET_BACKGROUND_COLOR_NAME = WidgetBackground;
				CODE_SIGN_ENTITLEMENTS = AnkaWidgetsExtension.entitlements;
				CODE_SIGN_STYLE = Automatic;
				CURRENT_PROJECT_VERSION = 1;
				DEVELOPMENT_TEAM = P8HX673QTL;
				GENERATE_INFOPLIST_FILE = YES;
				INFOPLIST_FILE = AnkaWidgets/Info.plist;
				INFOPLIST_KEY_CFBundleDisplayName = AnkaWidgets;
				INFOPLIST_KEY_NSHumanReadableCopyright = "";
				LD_RUNPATH_SEARCH_PATHS = (
					"$(inherited)",
					"@executable_path/Frameworks",
					"@executable_path/../../Frameworks",
				);
				MARKETING_VERSION = 1.0;
				PRODUCT_BUNDLE_IDENTIFIER = nc.Anka.AnkaWidgets;
				PRODUCT_NAME = "$(TARGET_NAME)";
				SKIP_INSTALL = YES;
				STRING_CATALOG_GENERATE_SYMBOLS = YES;
				SWIFT_APPROACHABLE_CONCURRENCY = YES;
				SWIFT_EMIT_LOC_STRINGS = YES;
				SWIFT_UPCOMING_FEATURE_MEMBER_IMPORT_VISIBILITY = YES;
				SWIFT_VERSION = 5.0;
				TARGETED_DEVICE_FAMILY = "1,2";
			};
			name = Debug;
		};
		73D1AA8C2FD55BB5002330E9 /* Release */ = {
			isa = XCBuildConfiguration;
			buildSettings = {
				ASSETCATALOG_COMPILER_GLOBAL_ACCENT_COLOR_NAME = AccentColor;
				ASSETCATALOG_COMPILER_WIDGET_BACKGROUND_COLOR_NAME = WidgetBackground;
				CODE_SIGN_ENTITLEMENTS = AnkaWidgetsExtension.entitlements;
				CODE_SIGN_STYLE = Automatic;
				CURRENT_PROJECT_VERSION = 1;
				DEVELOPMENT_TEAM = P8HX673QTL;
				GENERATE_INFOPLIST_FILE = YES;
				INFOPLIST_FILE = AnkaWidgets/Info.plist;
				INFOPLIST_KEY_CFBundleDisplayName = AnkaWidgets;
				INFOPLIST_KEY_NSHumanReadableCopyright = "";
				LD_RUNPATH_SEARCH_PATHS = (
					"$(inherited)",
					"@executable_path/Frameworks",
					"@executable_path/../../Frameworks",
				);
				MARKETING_VERSION = 1.0;
				PRODUCT_BUNDLE_IDENTIFIER = nc.Anka.AnkaWidgets;
				PRODUCT_NAME = "$(TARGET_NAME)";
				SKIP_INSTALL = YES;
				STRING_CATALOG_GENERATE_SYMBOLS = YES;
				SWIFT_APPROACHABLE_CONCURRENCY = YES;
				SWIFT_EMIT_LOC_STRINGS = YES;
				SWIFT_UPCOMING_FEATURE_MEMBER_IMPORT_VISIBILITY = YES;
				SWIFT_VERSION = 5.0;
				TARGETED_DEVICE_FAMILY = "1,2";
			};
			name = Release;
		};
/* End XCBuildConfiguration section */

/* Begin XCConfigurationList section */
		735BB8AD2FD45B82005D2346 /* Build configuration list for PBXProject "Anka" */ = {
			isa = XCConfigurationList;
			buildConfigurations = (
				735BB8D32FD45B84005D2346 /* Debug */,
				735BB8D42FD45B84005D2346 /* Release */,
			);
			defaultConfigurationIsVisible = 0;
			defaultConfigurationName = Release;
		};
		735BB8D52FD45B84005D2346 /* Build configuration list for PBXNativeTarget "Anka" */ = {
			isa = XCConfigurationList;
			buildConfigurations = (
				735BB8D62FD45B84005D2346 /* Debug */,
				735BB8D72FD45B84005D2346 /* Release */,
			);
			defaultConfigurationIsVisible = 0;
			defaultConfigurationName = Release;
		};
		735BB8D82FD45B84005D2346 /* Build configuration list for PBXNativeTarget "AnkaTests" */ = {
			isa = XCConfigurationList;
			buildConfigurations = (
				735BB8D92FD45B84005D2346 /* Debug */,
				735BB8DA2FD45B84005D2346 /* Release */,
			);
			defaultConfigurationIsVisible = 0;
			defaultConfigurationName = Release;
		};
		735BB8DB2FD45B84005D2346 /* Build configuration list for PBXNativeTarget "AnkaUITests" */ = {
			isa = XCConfigurationList;
			buildConfigurations = (
				735BB8DC2FD45B84005D2346 /* Debug */,
				735BB8DD2FD45B84005D2346 /* Release */,
			);
			defaultConfigurationIsVisible = 0;
			defaultConfigurationName = Release;
		};
		73D1AA8A2FD55BB5002330E9 /* Build configuration list for PBXNativeTarget "AnkaWidgetsExtension" */ = {
			isa = XCConfigurationList;
			buildConfigurations = (
				73D1AA8B2FD55BB5002330E9 /* Debug */,
				73D1AA8C2FD55BB5002330E9 /* Release */,
			);
			defaultConfigurationIsVisible = 0;
			defaultConfigurationName = Release;
		};
/* End XCConfigurationList section */
	};
	rootObject = 735BB8AA2FD45B82005D2346 /* Project object */;
}
